
Microsoft Visual Studio Solution File, Format Version 12.00
# Visual Studio Version 16
VisualStudioVersion = 16.0.30011.22
MinimumVisualStudioVersion = 10.0.40219.1
Project("{FAE04EC0-301F-11D3-BF4B-00C04F79EFBC}") = "ToDo", "ToDo\ToDo.csproj", "{37FBFA69-29AB-455A-9E2C-0DF833860564}"
EndProject
Global
	GlobalSection(SolutionConfigurationPlatforms) = preSolution
		Debug|Any CPU = Debug|Any CPU
		Release|Any CPU = Release|Any CPU
	EndGlobalSection
	GlobalSection(ProjectConfigurationPlatforms) = postSolution
		{37FBFA69-29AB-455A-9E2C-0DF833860564}.Debug|Any CPU.ActiveCfg = Debug|Any CPU
		{37FBFA69-29AB-455A-9E2C-0DF833860564}.Debug|Any CPU.Build.0 = Debug|Any CPU
		{37FBFA69-29AB-455A-9E2C-0DF833860564}.Release|Any CPU.ActiveCfg = Release|Any CPU
		{37FBFA69-29AB-455A-9E2C-0DF833860564}.Release|Any CPU.Build.0 = Release|Any CPU
	EndGlobalSection
	GlobalSection(SolutionProperties) = preSolution
		HideSolutionNode = FALSE
	EndGlobalSection
	GlobalSection(ExtensibilityGlobals) = postSolution
		SolutionGuid = {CB304A67-9A36-4482-ADE4-A36C60036060}
	EndGlobalSection
EndGlobal
